
Microsoft Visual Studio Solution File, Format Version 12.00
# Visual Studio 15
VisualStudioVersion = 15.0.27428.2043
MinimumVisualStudioVersion = 10.0.40219.1
Project("{8BC9CEB8-8B4A-11D0-8D11-00A0C91BC942}") = "JHStrategy", "JHStrategy\JHStrategy.vcxproj", "{EF6E36C2-B7BB-4363-AD04-3119FE9E7254}"
EndProject
Project("{FAE04EC0-301F-11D3-BF4B-00C04F79EFBC}") = "JHMarket", "JHMarket\JHMarket.csproj", "{BBC3CD08-4D3D-4160-8306-0A513C6D77EB}"
EndProject
Project("{FAE04EC0-301F-11D3-BF4B-00C04F79EFBC}") = "JHLog", "JHLog\JHLog.csproj", "{FD0F8E40-3512-4255-A3CC-BB0F224DBEBE}"
EndProject
Project("{FAE04EC0-301F-11D3-BF4B-00C04F79EFBC}") = "JHTrade", "JHTrade\JHTrade.csproj", "{BFA9A38F-1F31-45E5-855B-F46BD542F9B6}"
EndProject
Project("{FAE04EC0-301F-11D3-BF4B-00C04F79EFBC}") = "JHWinUI", "JHWinUI\JHWinUI.csproj", "{524BCBC2-8638-4B25-BD05-01931866DE70}"
EndProject
Project("{FAE04EC0-301F-11D3-BF4B-00C04F79EFBC}") = "SHJH001", "SHJH001\SHJH001.csproj", "{47D6253A-0B9F-47F7-AB3F-335034BE4EDF}"
EndProject
Global
	GlobalSection(SolutionConfigurationPlatforms) = preSolution
		Debug|Any CPU = Debug|Any CPU
		Debug|x64 = Debug|x64
		Debug|x86 = Debug|x86
		Release|Any CPU = Release|Any CPU
		Release|x64 = Release|x64
		Release|x86 = Release|x86
	EndGlobalSection
	GlobalSection(ProjectConfigurationPlatforms) = postSolution
		{EF6E36C2-B7BB-4363-AD04-3119FE9E7254}.Debug|Any CPU.ActiveCfg = Debug|Win32
		{EF6E36C2-B7BB-4363-AD04-3119FE9E7254}.Debug|x64.ActiveCfg = Debug|x64
		{EF6E36C2-B7BB-4363-AD04-3119FE9E7254}.Debug|x64.Build.0 = Debug|x64
		{EF6E36C2-B7BB-4363-AD04-3119FE9E7254}.Debug|x86.ActiveCfg = Debug|Win32
		{EF6E36C2-B7BB-4363-AD04-3119FE9E7254}.Debug|x86.Build.0 = Debug|Win32
		{EF6E36C2-B7BB-4363-AD04-3119FE9E7254}.Release|Any CPU.ActiveCfg = Release|Win32
		{EF6E36C2-B7BB-4363-AD04-3119FE9E7254}.Release|x64.ActiveCfg = Release|x64
		{EF6E36C2-B7BB-4363-AD04-3119FE9E7254}.Release|x64.Build.0 = Release|x64
		{EF6E36C2-B7BB-4363-AD04-3119FE9E7254}.Release|x86.ActiveCfg = Release|Win32
		{EF6E36C2-B7BB-4363-AD04-3119FE9E7254}.Release|x86.Build.0 = Release|Win32
		{BBC3CD08-4D3D-4160-8306-0A513C6D77EB}.Debug|Any CPU.ActiveCfg = Debug|Any CPU
		{BBC3CD08-4D3D-4160-8306-0A513C6D77EB}.Debug|Any CPU.Build.0 = Debug|Any CPU
		{BBC3CD08-4D3D-4160-8306-0A513C6D77EB}.Debug|x64.ActiveCfg = Debug|x64
		{BBC3CD08-4D3D-4160-8306-0A513C6D77EB}.Debug|x64.Build.0 = Debug|x64
		{BBC3CD08-4D3D-4160-8306-0A513C6D77EB}.Debug|x86.ActiveCfg = Debug|Any CPU
		{BBC3CD08-4D3D-4160-8306-0A513C6D77EB}.Debug|x86.Build.0 = Debug|Any CPU
		{BBC3CD08-4D3D-4160-8306-0A513C6D77EB}.Release|Any CPU.ActiveCfg = Release|Any CPU
		{BBC3CD08-4D3D-4160-8306-0A513C6D77EB}.Release|Any CPU.Build.0 = Release|Any CPU
		{BBC3CD08-4D3D-4160-8306-0A513C6D77EB}.Release|x64.ActiveCfg = Release|x64
		{BBC3CD08-4D3D-4160-8306-0A513C6D77EB}.Release|x64.Build.0 = Release|x64
		{BBC3CD08-4D3D-4160-8306-0A513C6D77EB}.Release|x86.ActiveCfg = Release|Any CPU
		{BBC3CD08-4D3D-4160-8306-0A513C6D77EB}.Release|x86.Build.0 = Release|Any CPU
		{FD0F8E40-3512-4255-A3CC-BB0F224DBEBE}.Debug|Any CPU.ActiveCfg = Debug|Any CPU
		{FD0F8E40-3512-4255-A3CC-BB0F224DBEBE}.Debug|Any CPU.Build.0 = Debug|Any CPU
		{FD0F8E40-3512-4255-A3CC-BB0F224DBEBE}.Debug|x64.ActiveCfg = Debug|x64
		{FD0F8E40-3512-4255-A3CC-BB0F224DBEBE}.Debug|x64.Build.0 = Debug|x64
		{FD0F8E40-3512-4255-A3CC-BB0F224DBEBE}.Debug|x86.ActiveCfg = Debug|Any CPU
		{FD0F8E40-3512-4255-A3CC-BB0F224DBEBE}.Debug|x86.Build.0 = Debug|Any CPU
		{FD0F8E40-3512-4255-A3CC-BB0F224DBEBE}.Release|Any CPU.ActiveCfg = Release|Any CPU
		{FD0F8E40-3512-4255-A3CC-BB0F224DBEBE}.Release|Any CPU.Build.0 = Release|Any CPU
		{FD0F8E40-3512-4255-A3CC-BB0F224DBEBE}.Release|x64.ActiveCfg = Release|x64
		{FD0F8E40-3512-4255-A3CC-BB0F224DBEBE}.Release|x64.Build.0 = Release|x64
		{FD0F8E40-3512-4255-A3CC-BB0F224DBEBE}.Release|x86.ActiveCfg = Release|Any CPU
		{FD0F8E40-3512-4255-A3CC-BB0F224DBEBE}.Release|x86.Build.0 = Release|Any CPU
		{BFA9A38F-1F31-45E5-855B-F46BD542F9B6}.Debug|Any CPU.ActiveCfg = Debug|Any CPU
		{BFA9A38F-1F31-45E5-855B-F46BD542F9B6}.Debug|Any CPU.Build.0 = Debug|Any CPU
		{BFA9A38F-1F31-45E5-855B-F46BD542F9B6}.Debug|x64.ActiveCfg = Debug|x64
		{BFA9A38F-1F31-45E5-855B-F46BD542F9B6}.Debug|x64.Build.0 = Debug|x64
		{BFA9A38F-1F31-45E5-855B-F46BD542F9B6}.Debug|x86.ActiveCfg = Debug|Any CPU
		{BFA9A38F-1F31-45E5-855B-F46BD542F9B6}.Debug|x86.Build.0 = Debug|Any CPU
		{BFA9A38F-1F31-45E5-855B-F46BD542F9B6}.Release|Any CPU.ActiveCfg = Release|Any CPU
		{BFA9A38F-1F31-45E5-855B-F46BD542F9B6}.Release|Any CPU.Build.0 = Release|Any CPU
		{BFA9A38F-1F31-45E5-855B-F46BD542F9B6}.Release|x64.ActiveCfg = Release|x64
		{BFA9A38F-1F31-45E5-855B-F46BD542F9B6}.Release|x64.Build.0 = Release|x64
		{BFA9A38F-1F31-45E5-855B-F46BD542F9B6}.Release|x86.ActiveCfg = Release|Any CPU
		{BFA9A38F-1F31-45E5-855B-F46BD542F9B6}.Release|x86.Build.0 = Release|Any CPU
		{524BCBC2-8638-4B25-BD05-01931866DE70}.Debug|Any CPU.ActiveCfg = Debug|Any CPU
		{524BCBC2-8638-4B25-BD05-01931866DE70}.Debug|Any CPU.Build.0 = Debug|Any CPU
		{524BCBC2-8638-4B25-BD05-01931866DE70}.Debug|x64.ActiveCfg = Debug|x64
		{524BCBC2-8638-4B25-BD05-01931866DE70}.Debug|x64.Build.0 = Debug|x64
		{524BCBC2-8638-4B25-BD05-01931866DE70}.Debug|x86.ActiveCfg = Debug|Any CPU
		{524BCBC2-8638-4B25-BD05-01931866DE70}.Debug|x86.Build.0 = Debug|Any CPU
		{524BCBC2-8638-4B25-BD05-01931866DE70}.Release|Any CPU.ActiveCfg = Release|Any CPU
		{524BCBC2-8638-4B25-BD05-01931866DE70}.Release|Any CPU.Build.0 = Release|Any CPU
		{524BCBC2-8638-4B25-BD05-01931866DE70}.Release|x64.ActiveCfg = Release|x64
		{524BCBC2-8638-4B25-BD05-01931866DE70}.Release|x64.Build.0 = Release|x64
		{524BCBC2-8638-4B25-BD05-01931866DE70}.Release|x86.ActiveCfg = Release|Any CPU
		{524BCBC2-8638-4B25-BD05-01931866DE70}.Release|x86.Build.0 = Release|Any CPU
		{47D6253A-0B9F-47F7-AB3F-335034BE4EDF}.Debug|Any CPU.ActiveCfg = Debug|Any CPU
		{47D6253A-0B9F-47F7-AB3F-335034BE4EDF}.Debug|Any CPU.Build.0 = Debug|Any CPU
		{47D6253A-0B9F-47F7-AB3F-335034BE4EDF}.Debug|x64.ActiveCfg = Debug|x64
		{47D6253A-0B9F-47F7-AB3F-335034BE4EDF}.Debug|x64.Build.0 = Debug|x64
		{47D6253A-0B9F-47F7-AB3F-335034BE4EDF}.Debug|x86.ActiveCfg = Debug|Any CPU
		{47D6253A-0B9F-47F7-AB3F-335034BE4EDF}.Debug|x86.Build.0 = Debug|Any CPU
		{47D6253A-0B9F-47F7-AB3F-335034BE4EDF}.Release|Any CPU.ActiveCfg = Release|Any CPU
		{47D6253A-0B9F-47F7-AB3F-335034BE4EDF}.Release|Any CPU.Build.0 = Release|Any CPU
		{47D6253A-0B9F-47F7-AB3F-335034BE4EDF}.Release|x64.ActiveCfg = Release|x64
		{47D6253A-0B9F-47F7-AB3F-335034BE4EDF}.Release|x64.Build.0 = Release|x64
		{47D6253A-0B9F-47F7-AB3F-335034BE4EDF}.Release|x86.ActiveCfg = Release|Any CPU
		{47D6253A-0B9F-47F7-AB3F-335034BE4EDF}.Release|x86.Build.0 = Release|Any CPU
	EndGlobalSection
	GlobalSection(SolutionProperties) = preSolution
		HideSolutionNode = FALSE
	EndGlobalSection
	GlobalSection(ExtensibilityGlobals) = postSolution
		SolutionGuid = {C08D4826-E8E4-44EB-8D5C-D761E3A823F2}
	EndGlobalSection
EndGlobal
