
Microsoft Visual Studio Solution File, Format Version 12.00
# Visual Studio 15
VisualStudioVersion = 15.0.28307.438
MinimumVisualStudioVersion = 10.0.40219.1
Project("{FAE04EC0-301F-11D3-BF4B-00C04F79EFBC}") = "HosData", "HosData\HosData.csproj", "{8E03CD6D-937F-424B-AB47-2D28B45BC252}"
EndProject
Project("{FAE04EC0-301F-11D3-BF4B-00C04F79EFBC}") = "创造", "月线\创造.csproj", "{D45807F8-8CE8-4033-A904-59BB1FBE1CA9}"
EndProject
Project("{FAE04EC0-301F-11D3-BF4B-00C04F79EFBC}") = "导入K线", "导入K线\导入K线.csproj", "{5A72BD68-CA55-490A-BC22-EC4A560C57D8}"
EndProject
Global
	GlobalSection(SolutionConfigurationPlatforms) = preSolution
		Debug|Any CPU = Debug|Any CPU
		Release|Any CPU = Release|Any CPU
	EndGlobalSection
	GlobalSection(ProjectConfigurationPlatforms) = postSolution
		{8E03CD6D-937F-424B-AB47-2D28B45BC252}.Debug|Any CPU.ActiveCfg = Debug|Any CPU
		{8E03CD6D-937F-424B-AB47-2D28B45BC252}.Debug|Any CPU.Build.0 = Debug|Any CPU
		{8E03CD6D-937F-424B-AB47-2D28B45BC252}.Release|Any CPU.ActiveCfg = Release|Any CPU
		{8E03CD6D-937F-424B-AB47-2D28B45BC252}.Release|Any CPU.Build.0 = Release|Any CPU
		{D45807F8-8CE8-4033-A904-59BB1FBE1CA9}.Debug|Any CPU.ActiveCfg = Debug|Any CPU
		{D45807F8-8CE8-4033-A904-59BB1FBE1CA9}.Debug|Any CPU.Build.0 = Debug|Any CPU
		{D45807F8-8CE8-4033-A904-59BB1FBE1CA9}.Release|Any CPU.ActiveCfg = Release|Any CPU
		{D45807F8-8CE8-4033-A904-59BB1FBE1CA9}.Release|Any CPU.Build.0 = Release|Any CPU
		{5A72BD68-CA55-490A-BC22-EC4A560C57D8}.Debug|Any CPU.ActiveCfg = Debug|Any CPU
		{5A72BD68-CA55-490A-BC22-EC4A560C57D8}.Debug|Any CPU.Build.0 = Debug|Any CPU
		{5A72BD68-CA55-490A-BC22-EC4A560C57D8}.Release|Any CPU.ActiveCfg = Release|Any CPU
		{5A72BD68-CA55-490A-BC22-EC4A560C57D8}.Release|Any CPU.Build.0 = Release|Any CPU
	EndGlobalSection
	GlobalSection(SolutionProperties) = preSolution
		HideSolutionNode = FALSE
	EndGlobalSection
	GlobalSection(ExtensibilityGlobals) = postSolution
		SolutionGuid = {67A89522-1083-482F-A039-6CF9676146BC}
	EndGlobalSection
EndGlobal
